// !$*UTF8*$!
{
	archiveVersion = 1;
	classes = {
	};
	objectVersion = 50;
	objects = {

/* Begin PBXBuildFile section */
		782110D220F24B7000097273 /* AppDelegate.swift in Sources */ = {isa = PBXBuildFile; fileRef = 782110D120F24B7000097273 /* AppDelegate.swift */; };
		782110D420F24B7000097273 /* CategoriesVC.swift in Sources */ = {isa = PBXBuildFile; fileRef = 782110D320F24B7000097273 /* CategoriesVC.swift */; };
		782110D720F24B7000097273 /* Main.storyboard in Resources */ = {isa = PBXBuildFile; fileRef = 782110D520F24B7000097273 /* Main.storyboard */; };
		782110D920F24B7300097273 /* Assets.xcassets in Resources */ = {isa = PBXBuildFile; fileRef = 782110D820F24B7300097273 /* Assets.xcassets */; };
		782110DC20F24B7300097273 /* LaunchScreen.storyboard in Resources */ = {isa = PBXBuildFile; fileRef = 782110DA20F24B7300097273 /* LaunchScreen.storyboard */; };
		782110E720F28A6C00097273 /* CatergoryCell.swift in Sources */ = {isa = PBXBuildFile; fileRef = 782110E620F28A6C00097273 /* CatergoryCell.swift */; };
		782110E920F2902800097273 /* Category.swift in Sources */ = {isa = PBXBuildFile; fileRef = 782110E820F2902800097273 /* Category.swift */; };
		782110EC20F2936300097273 /* DataServices.swift in Sources */ = {isa = PBXBuildFile; fileRef = 782110EB20F2936300097273 /* DataServices.swift */; };
/* End PBXBuildFile section */

/* Begin PBXFileReference section */
		782110CE20F24B7000097273 /* Mo Jamaican.app */ = {isa = PBXFileReference; explicitFileType = wrapper.application; includeInIndex = 0; path = "Mo Jamaican.app"; sourceTree = BUILT_PRODUCTS_DIR; };
		782110D120F24B7000097273 /* AppDelegate.swift */ = {isa = PBXFileReference; lastKnownFileType = sourcecode.swift; path = AppDelegate.swift; sourceTree = "<group>"; };
		782110D320F24B7000097273 /* CategoriesVC.swift */ = {isa = PBXFileReference; lastKnownFileType = sourcecode.swift; path = CategoriesVC.swift; sourceTree = "<group>"; };
		782110D620F24B7000097273 /* Base */ = {isa = PBXFileReference; lastKnownFileType = file.storyboard; name = Base; path = Base.lproj/Main.storyboard; sourceTree = "<group>"; };
		782110D820F24B7300097273 /* Assets.xcassets */ = {isa = PBXFileReference; lastKnownFileType = folder.assetcatalog; path = Assets.xcassets; sourceTree = "<group>"; };
		782110DB20F24B7300097273 /* Base */ = {isa = PBXFileReference; lastKnownFileType = file.storyboard; name = Base; path = Base.lproj/LaunchScreen.storyboard; sourceTree = "<group>"; };
		782110DD20F24B7300097273 /* Info.plist */ = {isa = PBXFileReference; lastKnownFileType = text.plist.xml; path = Info.plist; sourceTree = "<group>"; };
		782110E620F28A6C00097273 /* CatergoryCell.swift */ = {isa = PBXFileReference; lastKnownFileType = sourcecode.swift; path = CatergoryCell.swift; sourceTree = "<group>"; };
		782110E820F2902800097273 /* Category.swift */ = {isa = PBXFileReference; lastKnownFileType = sourcecode.swift; path = Category.swift; sourceTree = "<group>"; };
		782110EB20F2936300097273 /* DataServices.swift */ = {isa = PBXFileReference; lastKnownFileType = sourcecode.swift; path = DataServices.swift; sourceTree = "<group>"; };
/* End PBXFileReference section */

/* Begin PBXFrameworksBuildPhase section */
		782110CB20F24B7000097273 /* Frameworks */ = {
			isa = PBXFrameworksBuildPhase;
			buildActionMask = 2147483647;
			files = (
			);
			runOnlyForDeploymentPostprocessing = 0;
		};
/* End PBXFrameworksBuildPhase section */

/* Begin PBXGroup section */
		782110C520F24B7000097273 = {
			isa = PBXGroup;
			children = (
				782110D020F24B7000097273 /* Mo Jamaican */,
				782110CF20F24B7000097273 /* Products */,
			);
			sourceTree = "<group>";
		};
		782110CF20F24B7000097273 /* Products */ = {
			isa = PBXGroup;
			children = (
				782110CE20F24B7000097273 /* Mo Jamaican.app */,
			);
			name = Products;
			sourceTree = "<group>";
		};
		782110D020F24B7000097273 /* Mo Jamaican */ = {
			isa = PBXGroup;
			children = (
				782110EA20F2933F00097273 /* Services */,
				782110E520F28A3100097273 /* View */,
				782110E420F28A2800097273 /* Model */,
				782110E320F28A1100097273 /* Controller */,
				782110D120F24B7000097273 /* AppDelegate.swift */,
				782110D520F24B7000097273 /* Main.storyboard */,
				782110D820F24B7300097273 /* Assets.xcassets */,
				782110DA20F24B7300097273 /* LaunchScreen.storyboard */,
				782110DD20F24B7300097273 /* Info.plist */,
			);
			path = "Mo Jamaican";
			sourceTree = "<group>";
		};
		782110E320F28A1100097273 /* Controller */ = {
			isa = PBXGroup;
			children = (
				782110D320F24B7000097273 /* CategoriesVC.swift */,
			);
			path = Controller;
			sourceTree = "<group>";
		};
		782110E420F28A2800097273 /* Model */ = {
			isa = PBXGroup;
			children = (
				782110E820F2902800097273 /* Category.swift */,
			);
			path = Model;
			sourceTree = "<group>";
		};
		782110E520F28A3100097273 /* View */ = {
			isa = PBXGroup;
			children = (
				782110E620F28A6C00097273 /* CatergoryCell.swift */,
			);
			path = View;
			sourceTree = "<group>";
		};
		782110EA20F2933F00097273 /* Services */ = {
			isa = PBXGroup;
			children = (
				782110EB20F2936300097273 /* DataServices.swift */,
			);
			path = Services;
			sourceTree = "<group>";
		};
/* End PBXGroup section */

/* Begin PBXNativeTarget section */
		782110CD20F24B7000097273 /* Mo Jamaican */ = {
			isa = PBXNativeTarget;
			buildConfigurationList = 782110E020F24B7300097273 /* Build configuration list for PBXNativeTarget "Mo Jamaican" */;
			buildPhases = (
				782110CA20F24B7000097273 /* Sources */,
				782110CB20F24B7000097273 /* Frameworks */,
				782110CC20F24B7000097273 /* Resources */,
			);
			buildRules = (
			);
			dependencies = (
			);
			name = "Mo Jamaican";
			productName = "Mo Jamaican";
			productReference = 782110CE20F24B7000097273 /* Mo Jamaican.app */;
			productType = "com.apple.product-type.application";
		};
/* End PBXNativeTarget section */

/* Begin PBXProject section */
		782110C620F24B7000097273 /* Project object */ = {
			isa = PBXProject;
			attributes = {
				LastSwiftUpdateCheck = 0940;
				LastUpgradeCheck = 0940;
				ORGANIZATIONNAME = "Wurl Link";
				TargetAttributes = {
					782110CD20F24B7000097273 = {
						CreatedOnToolsVersion = 9.4.1;
					};
				};
			};
			buildConfigurationList = 782110C920F24B7000097273 /* Build configuration list for PBXProject "Mo Jamaican" */;
			compatibilityVersion = "Xcode 9.3";
			developmentRegion = en;
			hasScannedForEncodings = 0;
			knownRegions = (
				en,
				Base,
			);
			mainGroup = 782110C520F24B7000097273;
			productRefGroup = 782110CF20F24B7000097273 /* Products */;
			projectDirPath = "";
			projectRoot = "";
			targets = (
				782110CD20F24B7000097273 /* Mo Jamaican */,
			);
		};
/* End PBXProject section */

/* Begin PBXResourcesBuildPhase section */
		782110CC20F24B7000097273 /* Resources */ = {
			isa = PBXResourcesBuildPhase;
			buildActionMask = 2147483647;
			files = (
				782110DC20F24B7300097273 /* LaunchScreen.storyboard in Resources */,
				782110D920F24B7300097273 /* Assets.xcassets in Resources */,
				782110D720F24B7000097273 /* Main.storyboard in Resources */,
			);
			runOnlyForDeploymentPostprocessing = 0;
		};
/* End PBXResourcesBuildPhase section */

/* Begin PBXSourcesBuildPhase section */
		782110CA20F24B7000097273 /* Sources */ = {
			isa = PBXSourcesBuildPhase;
			buildActionMask = 2147483647;
			files = (
				782110EC20F2936300097273 /* DataServices.swift in Sources */,
				782110D420F24B7000097273 /* CategoriesVC.swift in Sources */,
				782110D220F24B7000097273 /* AppDelegate.swift in Sources */,
				782110E720F28A6C00097273 /* CatergoryCell.swift in Sources */,
				782110E920F2902800097273 /* Category.swift in Sources */,
			);
			runOnlyForDeploymentPostprocessing = 0;
		};
/* End PBXSourcesBuildPhase section */

/* Begin PBXVariantGroup section */
		782110D520F24B7000097273 /* Main.storyboard */ = {
			isa = PBXVariantGroup;
			children = (
				782110D620F24B7000097273 /* Base */,
			);
			name = Main.storyboard;
			sourceTree = "<group>";
		};
		782110DA20F24B7300097273 /* LaunchScreen.storyboard */ = {
			isa = PBXVariantGroup;
			children = (
				782110DB20F24B7300097273 /* Base */,
			);
			name = LaunchScreen.storyboard;
			sourceTree = "<group>";
		};
/* End PBXVariantGroup section */

/* Begin XCBuildConfiguration section */
		782110DE20F24B7300097273 /* Debug */ = {
			isa = XCBuildConfiguration;
			buildSettings = {
				ALWAYS_SEARCH_USER_PATHS = NO;
				CLANG_ANALYZER_NONNULL = YES;
				CLANG_ANALYZER_NUMBER_OBJECT_CONVERSION = YES_AGGRESSIVE;
				CLANG_CXX_LANGUAGE_STANDARD = "gnu++14";
				CLANG_CXX_LIBRARY = "libc++";
				CLANG_ENABLE_MODULES = YES;
				CLANG_ENABLE_OBJC_ARC = YES;
				CLANG_ENABLE_OBJC_WEAK = YES;
				CLANG_WARN_BLOCK_CAPTURE_AUTORELEASING = YES;
				CLANG_WARN_BOOL_CONVERSION = YES;
				CLANG_WARN_COMMA = YES;
				CLANG_WARN_CONSTANT_CONVERSION = YES;
				CLANG_WARN_DEPRECATED_OBJC_IMPLEMENTATIONS = YES;
				CLANG_WARN_DIRECT_OBJC_ISA_USAGE = YES_ERROR;
				CLANG_WARN_DOCUMENTATION_COMMENTS = YES;
				CLANG_WARN_EMPTY_BODY = YES;
				CLANG_WARN_ENUM_CONVERSION = YES;
				CLANG_WARN_INFINITE_RECURSION = YES;
				CLANG_WARN_INT_CONVERSION = YES;
				CLANG_WARN_NON_LITERAL_NULL_CONVERSION = YES;
				CLANG_WARN_OBJC_IMPLICIT_RETAIN_SELF = YES;
				CLANG_WARN_OBJC_LITERAL_CONVERSION = YES;
				CLANG_WARN_OBJC_ROOT_CLASS = YES_ERROR;
				CLANG_WARN_RANGE_LOOP_ANALYSIS = YES;
				CLANG_WARN_STRICT_PROTOTYPES = YES;
				CLANG_WARN_SUSPICIOUS_MOVE = YES;
				CLANG_WARN_UNGUARDED_AVAILABILITY = YES_AGGRESSIVE;
				CLANG_WARN_UNREACHABLE_CODE = YES;
				CLANG_WARN__DUPLICATE_METHOD_MATCH = YES;
				CODE_SIGN_IDENTITY = "iPhone Developer";
				COPY_PHASE_STRIP = NO;
				DEBUG_INFORMATION_FORMAT = dwarf;
				ENABLE_STRICT_OBJC_MSGSEND = YES;
				ENABLE_TESTABILITY = YES;
				GCC_C_LANGUAGE_STANDARD = gnu11;
				GCC_DYNAMIC_NO_PIC = NO;
				GCC_NO_COMMON_BLOCKS = YES;
				GCC_OPTIMIZATION_LEVEL = 0;
				GCC_PREPROCESSOR_DEFINITIONS = (
					"DEBUG=1",
					"$(inherited)",
				);
				GCC_WARN_64_TO_32_BIT_CONVERSION = YES;
				GCC_WARN_ABOUT_RETURN_TYPE = YES_ERROR;
				GCC_WARN_UNDECLARED_SELECTOR = YES;
				GCC_WARN_UNINITIALIZED_AUTOS = YES_AGGRESSIVE;
				GCC_WARN_UNUSED_FUNCTION = YES;
				GCC_WARN_UNUSED_VARIABLE = YES;
				IPHONEOS_DEPLOYMENT_TARGET = 11.4;
				MTL_ENABLE_DEBUG_INFO = YES;
				ONLY_ACTIVE_ARCH = YES;
				SDKROOT = iphoneos;
				SWIFT_ACTIVE_COMPILATION_CONDITIONS = DEBUG;
				SWIFT_OPTIMIZATION_LEVEL = "-Onone";
			};
			name = Debug;
		};
		782110DF20F24B7300097273 /* Release */ = {
			isa = XCBuildConfiguration;
			buildSettings = {
				ALWAYS_SEARCH_USER_PATHS = NO;
				CLANG_ANALYZER_NONNULL = YES;
				CLANG_ANALYZER_NUMBER_OBJECT_CONVERSION = YES_AGGRESSIVE;
				CLANG_CXX_LANGUAGE_STANDARD = "gnu++14";
				CLANG_CXX_LIBRARY = "libc++";
				CLANG_ENABLE_MODULES = YES;
				CLANG_ENABLE_OBJC_ARC = YES;
				CLANG_ENABLE_OBJC_WEAK = YES;
				CLANG_WARN_BLOCK_CAPTURE_AUTORELEASING = YES;
				CLANG_WARN_BOOL_CONVERSION = YES;
				CLANG_WARN_COMMA = YES;
				CLANG_WARN_CONSTANT_CONVERSION = YES;
				CLANG_WARN_DEPRECATED_OBJC_IMPLEMENTATIONS = YES;
				CLANG_WARN_DIRECT_OBJC_ISA_USAGE = YES_ERROR;
				CLANG_WARN_DOCUMENTATION_COMMENTS = YES;
				CLANG_WARN_EMPTY_BODY = YES;
				CLANG_WARN_ENUM_CONVERSION = YES;
				CLANG_WARN_INFINITE_RECURSION = YES;
				CLANG_WARN_INT_CONVERSION = YES;
				CLANG_WARN_NON_LITERAL_NULL_CONVERSION = YES;
				CLANG_WARN_OBJC_IMPLICIT_RETAIN_SELF = YES;
				CLANG_WARN_OBJC_LITERAL_CONVERSION = YES;
				CLANG_WARN_OBJC_ROOT_CLASS = YES_ERROR;
				CLANG_WARN_RANGE_LOOP_ANALYSIS = YES;
				CLANG_WARN_STRICT_PROTOTYPES = YES;
				CLANG_WARN_SUSPICIOUS_MOVE = YES;
				CLANG_WARN_UNGUARDED_AVAILABILITY = YES_AGGRESSIVE;
				CLANG_WARN_UNREACHABLE_CODE = YES;
				CLANG_WARN__DUPLICATE_METHOD_MATCH = YES;
				CODE_SIGN_IDENTITY = "iPhone Developer";
				COPY_PHASE_STRIP = NO;
				DEBUG_INFORMATION_FORMAT = "dwarf-with-dsym";
				ENABLE_NS_ASSERTIONS = NO;
				ENABLE_STRICT_OBJC_MSGSEND = YES;
				GCC_C_LANGUAGE_STANDARD = gnu11;
				GCC_NO_COMMON_BLOCKS = YES;
				GCC_WARN_64_TO_32_BIT_CONVERSION = YES;
				GCC_WARN_ABOUT_RETURN_TYPE = YES_ERROR;
				GCC_WARN_UNDECLARED_SELECTOR = YES;
				GCC_WARN_UNINITIALIZED_AUTOS = YES_AGGRESSIVE;
				GCC_WARN_UNUSED_FUNCTION = YES;
				GCC_WARN_UNUSED_VARIABLE = YES;
				IPHONEOS_DEPLOYMENT_TARGET = 11.4;
				MTL_ENABLE_DEBUG_INFO = NO;
				SDKROOT = iphoneos;
				SWIFT_COMPILATION_MODE = wholemodule;
				SWIFT_OPTIMIZATION_LEVEL = "-O";
				VALIDATE_PRODUCT = YES;
			};
			name = Release;
		};
		782110E120F24B7300097273 /* Debug */ = {
			isa = XCBuildConfiguration;
			buildSettings = {
				ASSETCATALOG_COMPILER_APPICON_NAME = AppIcon;
				CODE_SIGN_STYLE = Automatic;
				DEVELOPMENT_TEAM = 7FPK47B6M5;
				INFOPLIST_FILE = "Mo Jamaican/Info.plist";
				LD_RUNPATH_SEARCH_PATHS = (
					"$(inherited)",
					"@executable_path/Frameworks",
				);
				PRODUCT_BUNDLE_IDENTIFIER = "com.worldink.Mo-Jamaican";
				PRODUCT_NAME = "$(TARGET_NAME)";
				SWIFT_VERSION = 4.0;
				TARGETED_DEVICE_FAMILY = "1,2";
			};
			name = Debug;
		};
		782110E220F24B7300097273 /* Release */ = {
			isa = XCBuildConfiguration;
			buildSettings = {
				ASSETCATALOG_COMPILER_APPICON_NAME = AppIcon;
				CODE_SIGN_STYLE = Automatic;
				DEVELOPMENT_TEAM = 7FPK47B6M5;
				INFOPLIST_FILE = "Mo Jamaican/Info.plist";
				LD_RUNPATH_SEARCH_PATHS = (
					"$(inherited)",
					"@executable_path/Frameworks",
				);
				PRODUCT_BUNDLE_IDENTIFIER = "com.worldink.Mo-Jamaican";
				PRODUCT_NAME = "$(TARGET_NAME)";
				SWIFT_VERSION = 4.0;
				TARGETED_DEVICE_FAMILY = "1,2";
			};
			name = Release;
		};
/* End XCBuildConfiguration section */

/* Begin XCConfigurationList section */
		782110C920F24B7000097273 /* Build configuration list for PBXProject "Mo Jamaican" */ = {
			isa = XCConfigurationList;
			buildConfigurations = (
				782110DE20F24B7300097273 /* Debug */,
				782110DF20F24B7300097273 /* Release */,
			);
			defaultConfigurationIsVisible = 0;
			defaultConfigurationName = Release;
		};
		782110E020F24B7300097273 /* Build configuration list for PBXNativeTarget "Mo Jamaican" */ = {
			isa = XCConfigurationList;
			buildConfigurations = (
				782110E120F24B7300097273 /* Debug */,
				782110E220F24B7300097273 /* Release */,
			);
			defaultConfigurationIsVisible = 0;
			defaultConfigurationName = Release;
		};
/* End XCConfigurationList section */
	};
	rootObject = 782110C620F24B7000097273 /* Project object */;
}
